Microsoft Visual Studio Solution File, Format Version 11.00
# Visual Studio 2017

Project("{8BC9CEB8-8B4A-11D0-8D11-00A0C91BC942}") = "Sampler - Standalone Plugin", "Sampler_StandalonePlugin.vcxproj", "{170FB671-7D56-7EEF-9853-31E6FD4CB9B4}"
	ProjectSection(ProjectDependencies) = postProject
		{C80ADAF2-5EBD-B0F1-6EC9-FB82741B8600} = {C80ADAF2-5EBD-B0F1-6EC9-FB82741B8600}
	EndProjectSection
EndProject
Project("{8BC9CEB8-8B4A-11D0-8D11-00A0C91BC942}") = "Sampler - VST3", "Sampler_VST3.vcxproj", "{75C068F8-5440-1F6D-C876-C92D66D4DA9B}"
	ProjectSection(ProjectDependencies) = postProject
		{C80ADAF2-5EBD-B0F1-6EC9-FB82741B8600} = {C80ADAF2-5EBD-B0F1-6EC9-FB82741B8600}
	EndProjectSection
EndProject
Project("{8BC9CEB8-8B4A-11D0-8D11-00A0C91BC942}") = "Sampler - Shared Code", "Sampler_SharedCode.vcxproj", "{C80ADAF2-5EBD-B0F1-6EC9-FB82741B8600}"
EndProject
Global
	GlobalSection(SolutionConfigurationPlatforms) = preSolution
		Debug|x64 = Debug|x64
		Release|x64 = Release|x64
	EndGlobalSection
	GlobalSection(ProjectConfigurationPlatforms) = postSolution
		{75C068F8-5440-1F6D-C876-C92D66D4DA9B}.Debug|x64.ActiveCfg = Debug|x64
		{75C068F8-5440-1F6D-C876-C92D66D4DA9B}.Debug|x64.Build.0 = Debug|x64
		{75C068F8-5440-1F6D-C876-C92D66D4DA9B}.Release|x64.ActiveCfg = Release|x64
		{75C068F8-5440-1F6D-C876-C92D66D4DA9B}.Release|x64.Build.0 = Release|x64
		{170FB671-7D56-7EEF-9853-31E6FD4CB9B4}.Debug|x64.ActiveCfg = Debug|x64
		{170FB671-7D56-7EEF-9853-31E6FD4CB9B4}.Debug|x64.Build.0 = Debug|x64
		{170FB671-7D56-7EEF-9853-31E6FD4CB9B4}.Release|x64.ActiveCfg = Release|x64
		{170FB671-7D56-7EEF-9853-31E6FD4CB9B4}.Release|x64.Build.0 = Release|x64
		{C80ADAF2-5EBD-B0F1-6EC9-FB82741B8600}.Debug|x64.ActiveCfg = Debug|x64
		{C80ADAF2-5EBD-B0F1-6EC9-FB82741B8600}.Debug|x64.Build.0 = Debug|x64
		{C80ADAF2-5EBD-B0F1-6EC9-FB82741B8600}.Release|x64.ActiveCfg = Release|x64
		{C80ADAF2-5EBD-B0F1-6EC9-FB82741B8600}.Release|x64.Build.0 = Release|x64
	EndGlobalSection
	GlobalSection(SolutionProperties) = preSolution
		HideSolutionNode = FALSE
	EndGlobalSection
EndGlobal
